
Microsoft Visual Studio Solution File, Format Version 12.00
# Visual Studio Version 16
VisualStudioVersion = 16.0.29209.62
MinimumVisualStudioVersion = 10.0.40219.1
Project("{FAE04EC0-301F-11D3-BF4B-00C04F79EFBC}") = "BootcampCSharpDay2", "BootcampCSharpDay2\BootcampCSharpDay2.csproj", "{3D65046E-AEF7-4212-8CE6-20A9F5AB7E6D}"
EndProject
Global
	GlobalSection(SolutionConfigurationPlatforms) = preSolution
		Debug|Any CPU = Debug|Any CPU
		Release|Any CPU = Release|Any CPU
	EndGlobalSection
	GlobalSection(ProjectConfigurationPlatforms) = postSolution
		{3D65046E-AEF7-4212-8CE6-20A9F5AB7E6D}.Debug|Any CPU.ActiveCfg = Debug|Any CPU
		{3D65046E-AEF7-4212-8CE6-20A9F5AB7E6D}.Debug|Any CPU.Build.0 = Debug|Any CPU
		{3D65046E-AEF7-4212-8CE6-20A9F5AB7E6D}.Release|Any CPU.ActiveCfg = Release|Any CPU
		{3D65046E-AEF7-4212-8CE6-20A9F5AB7E6D}.Release|Any CPU.Build.0 = Release|Any CPU
	EndGlobalSection
	GlobalSection(SolutionProperties) = preSolution
		HideSolutionNode = FALSE
	EndGlobalSection
	GlobalSection(ExtensibilityGlobals) = postSolution
		SolutionGuid = {255FF7AB-26DC-4C49-A732-04F72DC6F98F}
	EndGlobalSection
EndGlobal
