
Microsoft Visual Studio Solution File, Format Version 12.00
# Visual Studio Version 16
VisualStudioVersion = 16.0.29209.62
MinimumVisualStudioVersion = 10.0.40219.1
Project("{FAE04EC0-301F-11D3-BF4B-00C04F79EFBC}") = "ProductManager", "ProductManager\ProductManager.csproj", "{255FD34A-8B14-4CEE-9D65-B20E06F04EE0}"
EndProject
Global
	GlobalSection(SolutionConfigurationPlatforms) = preSolution
		Debug|Any CPU = Debug|Any CPU
		Release|Any CPU = Release|Any CPU
	EndGlobalSection
	GlobalSection(ProjectConfigurationPlatforms) = postSolution
		{255FD34A-8B14-4CEE-9D65-B20E06F04EE0}.Debug|Any CPU.ActiveCfg = Debug|Any CPU
		{255FD34A-8B14-4CEE-9D65-B20E06F04EE0}.Debug|Any CPU.Build.0 = Debug|Any CPU
		{255FD34A-8B14-4CEE-9D65-B20E06F04EE0}.Release|Any CPU.ActiveCfg = Release|Any CPU
		{255FD34A-8B14-4CEE-9D65-B20E06F04EE0}.Release|Any CPU.Build.0 = Release|Any CPU
	EndGlobalSection
	GlobalSection(SolutionProperties) = preSolution
		HideSolutionNode = FALSE
	EndGlobalSection
	GlobalSection(ExtensibilityGlobals) = postSolution
		SolutionGuid = {7F63DFF0-5ACE-45FE-AEFA-2816314F6001}
	EndGlobalSection
EndGlobal
