
Microsoft Visual Studio Solution File, Format Version 12.00
# Visual Studio Version 16
VisualStudioVersion = 16.0.29209.62
MinimumVisualStudioVersion = 10.0.40219.1
Project("{FAE04EC0-301F-11D3-BF4B-00C04F79EFBC}") = "BootcampCSharpDay1", "BootcampCSharpDay1\BootcampCSharpDay1.csproj", "{1208ABA3-1552-47EB-8C0E-4E9077A691D5}"
EndProject
Global
	GlobalSection(SolutionConfigurationPlatforms) = preSolution
		Debug|Any CPU = Debug|Any CPU
		Release|Any CPU = Release|Any CPU
	EndGlobalSection
	GlobalSection(ProjectConfigurationPlatforms) = postSolution
		{1208ABA3-1552-47EB-8C0E-4E9077A691D5}.Debug|Any CPU.ActiveCfg = Debug|Any CPU
		{1208ABA3-1552-47EB-8C0E-4E9077A691D5}.Debug|Any CPU.Build.0 = Debug|Any CPU
		{1208ABA3-1552-47EB-8C0E-4E9077A691D5}.Release|Any CPU.ActiveCfg = Release|Any CPU
		{1208ABA3-1552-47EB-8C0E-4E9077A691D5}.Release|Any CPU.Build.0 = Release|Any CPU
	EndGlobalSection
	GlobalSection(SolutionProperties) = preSolution
		HideSolutionNode = FALSE
	EndGlobalSection
	GlobalSection(ExtensibilityGlobals) = postSolution
		SolutionGuid = {44EF8DDF-340F-4827-B16D-FF1713DE35E5}
	EndGlobalSection
EndGlobal
